
Microsoft Visual Studio Solution File, Format Version 12.00
# Visual Studio 15
VisualStudioVersion = 15.0.26730.15
MinimumVisualStudioVersion = 10.0.40219.1
Project("{FAE04EC0-301F-11D3-BF4B-00C04F79EFBC}") = "Class05Demo", "Class05Demo\Class05Demo.csproj", "{3565F915-D85A-4396-B8B7-34798B5EC0DB}"
EndProject
Global
	GlobalSection(SolutionConfigurationPlatforms) = preSolution
		Debug|Any CPU = Debug|Any CPU
		Release|Any CPU = Release|Any CPU
	EndGlobalSection
	GlobalSection(ProjectConfigurationPlatforms) = postSolution
		{3565F915-D85A-4396-B8B7-34798B5EC0DB}.Debug|Any CPU.ActiveCfg = Debug|Any CPU
		{3565F915-D85A-4396-B8B7-34798B5EC0DB}.Debug|Any CPU.Build.0 = Debug|Any CPU
		{3565F915-D85A-4396-B8B7-34798B5EC0DB}.Release|Any CPU.ActiveCfg = Release|Any CPU
		{3565F915-D85A-4396-B8B7-34798B5EC0DB}.Release|Any CPU.Build.0 = Release|Any CPU
	EndGlobalSection
	GlobalSection(SolutionProperties) = preSolution
		HideSolutionNode = FALSE
	EndGlobalSection
	GlobalSection(ExtensibilityGlobals) = postSolution
		SolutionGuid = {AB4F833D-140E-418C-872A-DC3107CEA2E0}
	EndGlobalSection
EndGlobal
